PODS:
  - Flutter (1.0.0)
  - orientation_provider (0.0.1):
    - Flutter

DEPENDENCIES:
  - Flutter (from `Flutter`)
  - orientation_provider (from `.symlinks/plugins/orientation_provider/ios`)

EXTERNAL SOURCES:
  Flutter:
    :path: Flutter
  orientation_provider:
    :path: ".symlinks/plugins/orientation_provider/ios"

SPEC CHECKSUMS:
  Flutter: 0e3d915762c693b495b44d77113d4970485de6ec
  orientation_provider: 0854c2ed97f7ab6f69ea581a16fb984e26b3d753

PODFILE CHECKSUM: 1b66dae606f75376c5f2135a8290850eeb09ae83

COCOAPODS: 1.8.4
